
Microsoft Visual Studio Solution File, Format Version 12.00
# Visual Studio Version 17
VisualStudioVersion = 17.14.36414.22 d17.14
MinimumVisualStudioVersion = 10.0.40219.1
Project("{FAE04EC0-301F-11D3-BF4B-00C04F79EFBC}") = "Week9Littlejohn", "Week9Littlejohn\Week9Littlejohn.csproj", "{AEF3A2CA-1A02-4A1D-BFB8-04F2E23DF72A}"
EndProject
Global
	GlobalSection(SolutionConfigurationPlatforms) = preSolution
		Debug|Any CPU = Debug|Any CPU
		Release|Any CPU = Release|Any CPU
	EndGlobalSection
	GlobalSection(ProjectConfigurationPlatforms) = postSolution
		{AEF3A2CA-1A02-4A1D-BFB8-04F2E23DF72A}.Debug|Any CPU.ActiveCfg = Debug|Any CPU
		{AEF3A2CA-1A02-4A1D-BFB8-04F2E23DF72A}.Debug|Any CPU.Build.0 = Debug|Any CPU
		{AEF3A2CA-1A02-4A1D-BFB8-04F2E23DF72A}.Release|Any CPU.ActiveCfg = Release|Any CPU
		{AEF3A2CA-1A02-4A1D-BFB8-04F2E23DF72A}.Release|Any CPU.Build.0 = Release|Any CPU
	EndGlobalSection
	GlobalSection(SolutionProperties) = preSolution
		HideSolutionNode = FALSE
	EndGlobalSection
	GlobalSection(ExtensibilityGlobals) = postSolution
		SolutionGuid = {22EB9695-A8D9-4029-849A-BFE342D7736B}
	EndGlobalSection
EndGlobal
